
Microsoft Visual Studio Solution File, Format Version 11.00
# Visual Studio 2010
Project("{FAE04EC0-301F-11D3-BF4B-00C04F79EFBC}") = "Assembly-CSharp", "Assembly-CSharp.csproj", "{C69A7016-0A1B-D50A-6B42-9E3868552276}"
EndProject
Global
	GlobalSection(SolutionConfigurationPlatforms) = preSolution
		Debug|Any CPU = Debug|Any CPU
		Release|Any CPU = Release|Any CPU
	EndGlobalSection
	GlobalSection(ProjectConfigurationPlatforms) = postSolution
		{C69A7016-0A1B-D50A-6B42-9E3868552276}.Debug|Any CPU.ActiveCfg = Debug|Any CPU
		{C69A7016-0A1B-D50A-6B42-9E3868552276}.Debug|Any CPU.Build.0 = Debug|Any CPU
		{C69A7016-0A1B-D50A-6B42-9E3868552276}.Release|Any CPU.ActiveCfg = Release|Any CPU
		{C69A7016-0A1B-D50A-6B42-9E3868552276}.Release|Any CPU.Build.0 = Release|Any CPU
	EndGlobalSection
	GlobalSection(SolutionProperties) = preSolution
		HideSolutionNode = FALSE
	EndGlobalSection
EndGlobal
